
Microsoft Visual Studio Solution File, Format Version 12.00
# Visual Studio Version 17
VisualStudioVersion = 17.1.31911.260
MinimumVisualStudioVersion = 10.0.40219.1
Project("{FAE04EC0-301F-11D3-BF4B-00C04F79EFBC}") = "TriggerEmulators", "TriggerEmulators.csproj", "{20FB4AA8-11BD-428E-83CE-FFE4972D4751}"
EndProject
Global
	GlobalSection(SolutionConfigurationPlatforms) = preSolution
		Debug|Any CPU = Debug|Any CPU
		Release|Any CPU = Release|Any CPU
	EndGlobalSection
	GlobalSection(ProjectConfigurationPlatforms) = postSolution
		{20FB4AA8-11BD-428E-83CE-FFE4972D4751}.Debug|Any CPU.ActiveCfg = Debug|Any CPU
		{20FB4AA8-11BD-428E-83CE-FFE4972D4751}.Debug|Any CPU.Build.0 = Debug|Any CPU
		{20FB4AA8-11BD-428E-83CE-FFE4972D4751}.Release|Any CPU.ActiveCfg = Release|Any CPU
		{20FB4AA8-11BD-428E-83CE-FFE4972D4751}.Release|Any CPU.Build.0 = Release|Any CPU
	EndGlobalSection
	GlobalSection(SolutionProperties) = preSolution
		HideSolutionNode = FALSE
	EndGlobalSection
	GlobalSection(ExtensibilityGlobals) = postSolution
		SolutionGuid = {74CDFEDF-EC1B-488C-BB84-452405DCA0AE}
	EndGlobalSection
EndGlobal
